{
  "projects": [
    {
      "projectId": "seaQhLVS4bbjiGvJJrRwyL",
      "version": "15.0.3",
      "dependencies": {},
      "lang": "ts",
      "fileLocks": [
        {
          "assetId": "seaQhLVS4bbjiGvJJrRwyL",
          "type": "projectCss",
          "checksum": "dc88471beadb978e51eb3ceb75d10fdb"
        }
      ]
    },
    {
      "projectId": "eCPsCzUL2Kt4PmDutdzF2Z",
      "version": "latest",
      "dependencies": {
        "seaQhLVS4bbjiGvJJrRwyL": "15.0.3"
      },
      "lang": "ts",
      "fileLocks": [
        {
          "type": "globalVariant",
          "assetId": "NIXlDmpTYfB4zo",
          "checksum": "201db921da98eefaded5947c2e157a1c"
        },
        {
          "assetId": "eCPsCzUL2Kt4PmDutdzF2Z",
          "type": "projectCss",
          "checksum": "d37441e501197b6cd6e40db96a98d604"
        },
        {
          "type": "renderModule",
          "assetId": "odbAnbK9ttR2Y",
          "checksum": "0db21190dae5a56ac4db41b2fc1f4ed9"
        },
        {
          "type": "cssRules",
          "assetId": "odbAnbK9ttR2Y",
          "checksum": "0db21190dae5a56ac4db41b2fc1f4ed9"
        },
        {
          "type": "renderModule",
          "assetId": "mi-CptfctSSGI",
          "checksum": "b6ca1d37f9ab06bccb4823c31d964b2e"
        },
        {
          "type": "cssRules",
          "assetId": "mi-CptfctSSGI",
          "checksum": "b6ca1d37f9ab06bccb4823c31d964b2e"
        },
        {
          "type": "renderModule",
          "assetId": "N-B6UUVQR7s4K",
          "checksum": "dcad1177cf1c1cc2d91891b4942fd577"
        },
        {
          "type": "cssRules",
          "assetId": "N-B6UUVQR7s4K",
          "checksum": "dcad1177cf1c1cc2d91891b4942fd577"
        },
        {
          "type": "renderModule",
          "assetId": "AkQSZFXCEoXI8",
          "checksum": "f93a14c969fbe30e91ee327505c4d3db"
        },
        {
          "type": "cssRules",
          "assetId": "AkQSZFXCEoXI8",
          "checksum": "f93a14c969fbe30e91ee327505c4d3db"
        },
        {
          "type": "renderModule",
          "assetId": "wdX5GP4GSxEpJ",
          "checksum": "7f55542d782b35949c4dee7e0f6ec1b8"
        },
        {
          "type": "cssRules",
          "assetId": "wdX5GP4GSxEpJ",
          "checksum": "7f55542d782b35949c4dee7e0f6ec1b8"
        },
        {
          "type": "renderModule",
          "assetId": "lnAB4A8AW5IT3",
          "checksum": "27eb08d98c3a8b04ee446900e2b05cab"
        },
        {
          "type": "cssRules",
          "assetId": "lnAB4A8AW5IT3",
          "checksum": "27eb08d98c3a8b04ee446900e2b05cab"
        },
        {
          "type": "renderModule",
          "assetId": "I_pq9RkDYiDNu",
          "checksum": "6e799b04498fc3ecbdade2b4b6e09b29"
        },
        {
          "type": "cssRules",
          "assetId": "I_pq9RkDYiDNu",
          "checksum": "6e799b04498fc3ecbdade2b4b6e09b29"
        },
        {
          "type": "renderModule",
          "assetId": "x1taA3sWDL3Yn",
          "checksum": "f52fa1627048d0c15dc42867d5bbeb0d"
        },
        {
          "type": "cssRules",
          "assetId": "x1taA3sWDL3Yn",
          "checksum": "f52fa1627048d0c15dc42867d5bbeb0d"
        },
        {
          "type": "renderModule",
          "assetId": "zegKQfeUyGxsG",
          "checksum": "3d910c6f6d995845c99b7241d24f664c"
        },
        {
          "type": "cssRules",
          "assetId": "zegKQfeUyGxsG",
          "checksum": "3d910c6f6d995845c99b7241d24f664c"
        },
        {
          "type": "renderModule",
          "assetId": "yla-VFAPoaF73a",
          "checksum": "26691f67f4bd6e931666052d82b3abd1"
        },
        {
          "type": "cssRules",
          "assetId": "yla-VFAPoaF73a",
          "checksum": "26691f67f4bd6e931666052d82b3abd1"
        },
        {
          "type": "renderModule",
          "assetId": "4Sw5feT-BbHQlI",
          "checksum": "74bb6893e08fea5b46d5514bffdf559e"
        },
        {
          "type": "cssRules",
          "assetId": "4Sw5feT-BbHQlI",
          "checksum": "74bb6893e08fea5b46d5514bffdf559e"
        },
        {
          "type": "renderModule",
          "assetId": "KDNvXQfjRclVi-",
          "checksum": "7b45fc208e3b2345b4854cfe7509bb7b"
        },
        {
          "type": "cssRules",
          "assetId": "KDNvXQfjRclVi-",
          "checksum": "7b45fc208e3b2345b4854cfe7509bb7b"
        },
        {
          "type": "renderModule",
          "assetId": "ZYuj0xZwcT0zEB",
          "checksum": "fb3623e2acf50535cc6ec5bd2465ad24"
        },
        {
          "type": "cssRules",
          "assetId": "ZYuj0xZwcT0zEB",
          "checksum": "fb3623e2acf50535cc6ec5bd2465ad24"
        },
        {
          "type": "renderModule",
          "assetId": "hSOL-3dbgsN9Of",
          "checksum": "7352126f311a5eac2f473ac84fe1f9ec"
        },
        {
          "type": "cssRules",
          "assetId": "hSOL-3dbgsN9Of",
          "checksum": "7352126f311a5eac2f473ac84fe1f9ec"
        },
        {
          "type": "renderModule",
          "assetId": "HWz2MLfMJ4m9tS",
          "checksum": "25425313113eca030639f9a6e189bc8c"
        },
        {
          "type": "cssRules",
          "assetId": "HWz2MLfMJ4m9tS",
          "checksum": "25425313113eca030639f9a6e189bc8c"
        },
        {
          "type": "renderModule",
          "assetId": "YVsSe6GvgDBttL",
          "checksum": "99c041542aa638f50cfd2761bcd66840"
        },
        {
          "type": "cssRules",
          "assetId": "YVsSe6GvgDBttL",
          "checksum": "99c041542aa638f50cfd2761bcd66840"
        },
        {
          "type": "renderModule",
          "assetId": "IV2XJRnzyc7sds",
          "checksum": "b700fa5eaf6dd0c918e99f5de49d7cde"
        },
        {
          "type": "cssRules",
          "assetId": "IV2XJRnzyc7sds",
          "checksum": "b700fa5eaf6dd0c918e99f5de49d7cde"
        },
        {
          "type": "icon",
          "assetId": "6ShdHY34lvQ0Nz",
          "checksum": "f2e8d89ce706ad0e5606c919904cdb0a"
        },
        {
          "type": "icon",
          "assetId": "NKbIjRQrIcwtNF",
          "checksum": "2b094d4a4f4e4680a5e3b8f85b7a3920"
        },
        {
          "type": "icon",
          "assetId": "1WWGBZIOz7V7ro",
          "checksum": "fa85cdd064da0fa0b4e2b120bf9fd6fe"
        },
        {
          "type": "icon",
          "assetId": "6luIiCGibYRafx",
          "checksum": "116a7afacc12b5c824164433639f01e7"
        },
        {
          "type": "icon",
          "assetId": "Su4JNNhdtyi3VL",
          "checksum": "39d8d128518534f7ed6f7762752e374c"
        },
        {
          "type": "icon",
          "assetId": "lECc2y2ApJAc68",
          "checksum": "ca0a503777eeb95715315ddd184f2eed"
        },
        {
          "type": "icon",
          "assetId": "5fMdNEXcvBVkNB",
          "checksum": "f090060fca93e92cb20e3bd27860384d"
        },
        {
          "type": "icon",
          "assetId": "V-8fw0Z8ZKkcTy",
          "checksum": "e5ff4346f88ca5fe6f9265aeff75cf7e"
        },
        {
          "type": "icon",
          "assetId": "RvOFxkseh7eb2i",
          "checksum": "fc1895836daff0b2fe1e9783a58a853e"
        },
        {
          "type": "icon",
          "assetId": "SMX9NGdKobotnH",
          "checksum": "63ba8d9231752fc0db575645af6896b0"
        },
        {
          "type": "icon",
          "assetId": "ZhRzPiDdUhbYex",
          "checksum": "734cf2e7efade5e3df24a099f54146bb"
        },
        {
          "type": "icon",
          "assetId": "by5-kORph1elkm",
          "checksum": "82de06e42bff35eb88f6381a0e13d8d2"
        },
        {
          "type": "icon",
          "assetId": "wg77D_4gE-hllz",
          "checksum": "4e9ef83d278f2c99cf9163d7400f6bba"
        },
        {
          "type": "icon",
          "assetId": "CyhTmqXs3al3t-",
          "checksum": "08d59d4afda6c0bc6e834c9ddfd640e7"
        },
        {
          "type": "icon",
          "assetId": "jHaib2qJx0E_GP",
          "checksum": "71d803bbdbf45ead63d818d22a5546d4"
        },
        {
          "type": "icon",
          "assetId": "cEn9GM6iPUKPHQ",
          "checksum": "dd3d6370ca2a6f4a8766f60094e40353"
        },
        {
          "type": "icon",
          "assetId": "kF1qD4mYmdwNOL",
          "checksum": "43b8ca1ab1e7f225d064ad55cc6c5a07"
        },
        {
          "type": "icon",
          "assetId": "OtnxQbhBGp_a9J",
          "checksum": "03bdc774434b407b920423fc3f521b70"
        },
        {
          "type": "icon",
          "assetId": "yDBgamWbhiXl5Z",
          "checksum": "b4fa8edc61cd24e1b428f1498c8b2e0a"
        },
        {
          "type": "image",
          "assetId": "0dmEt1arQ9CPv0",
          "checksum": "c3a0f35648ac58a329cb45410a23556b"
        },
        {
          "type": "image",
          "assetId": "EuKW1E4BDPxR0C",
          "checksum": "bf16d9c070c96006014d4262ba2235ca"
        },
        {
          "type": "image",
          "assetId": "bJTlRCw-gg1yKB",
          "checksum": "adc7438945acc99aa784c62b5126201b"
        },
        {
          "type": "image",
          "assetId": "deXb23VkAyPcWN",
          "checksum": "a8a7fcd34d736cc6beaa424b07ad02f7"
        }
      ]
    }
  ],
  "cliVersion": "0.1.152"
}
